
Microsoft Visual Studio Solution File, Format Version 12.00
# Visual Studio Version 17
VisualStudioVersion = 17.10.35013.160
MinimumVisualStudioVersion = 10.0.40219.1
Project("{FAE04EC0-301F-11D3-BF4B-00C04F79EFBC}") = "Trem_Autonomo", "Trem_Autonomo\Trem_Autonomo.csproj", "{EB15CB81-9AF1-445A-8768-114315FD5BE1}"
EndProject
Project("{9A19103F-16F7-4668-BE54-9A1E7A4F7556}") = "TremAutonomoTests", "TremAutonomoTests\TremAutonomoTests.csproj", "{63E0B244-593F-4D58-9AFC-3EEC1C2A9D44}"
EndProject
Global
	GlobalSection(SolutionConfigurationPlatforms) = preSolution
		Debug|Any CPU = Debug|Any CPU
		Release|Any CPU = Release|Any CPU
	EndGlobalSection
	GlobalSection(ProjectConfigurationPlatforms) = postSolution
		{EB15CB81-9AF1-445A-8768-114315FD5BE1}.Debug|Any CPU.ActiveCfg = Debug|Any CPU
		{EB15CB81-9AF1-445A-8768-114315FD5BE1}.Debug|Any CPU.Build.0 = Debug|Any CPU
		{EB15CB81-9AF1-445A-8768-114315FD5BE1}.Release|Any CPU.ActiveCfg = Release|Any CPU
		{EB15CB81-9AF1-445A-8768-114315FD5BE1}.Release|Any CPU.Build.0 = Release|Any CPU
		{63E0B244-593F-4D58-9AFC-3EEC1C2A9D44}.Debug|Any CPU.ActiveCfg = Debug|Any CPU
		{63E0B244-593F-4D58-9AFC-3EEC1C2A9D44}.Debug|Any CPU.Build.0 = Debug|Any CPU
		{63E0B244-593F-4D58-9AFC-3EEC1C2A9D44}.Release|Any CPU.ActiveCfg = Release|Any CPU
		{63E0B244-593F-4D58-9AFC-3EEC1C2A9D44}.Release|Any CPU.Build.0 = Release|Any CPU
	EndGlobalSection
	GlobalSection(SolutionProperties) = preSolution
		HideSolutionNode = FALSE
	EndGlobalSection
	GlobalSection(ExtensibilityGlobals) = postSolution
		SolutionGuid = {FEA7389D-7D32-4CF6-8803-1420A29A23C5}
	EndGlobalSection
EndGlobal
